<Solution>
  <Project Path="TowerDefense.Runtime.csproj" />
  <Project Path="FastScriptReload.Editor.csproj" />
  <Project Path="Assembly-CSharp.csproj" />
  <Project Path="DOTween.Modules.csproj" />
  <Project Path="Joystick.Editor.csproj" />
  <Project Path="TowerDefense.PlayMode.Tests.csproj" />
  <Project Path="Joystick.Runtime.csproj" />
  <Project Path="TowerDefense.EditMode.Tests.csproj" />
  <Project Path="FastScriptReload.Runtime.csproj" />
</Solution>
